
Microsoft Visual Studio Solution File, Format Version 12.00
# Visual Studio Version 17
VisualStudioVersion = 17.10.34928.147
MinimumVisualStudioVersion = 10.0.40219.1
Project("{54A90642-561A-4BB1-A94E-469ADEE60C69}") = "bibliotheca", "bibliotheca\bibliotheca.esproj", "{42E43C7E-4947-4071-B9DF-63EBBBFAC92F}"
EndProject
Global
	GlobalSection(SolutionConfigurationPlatforms) = preSolution
		Debug|Any CPU = Debug|Any CPU
		Release|Any CPU = Release|Any CPU
	EndGlobalSection
	GlobalSection(ProjectConfigurationPlatforms) = postSolution
		{42E43C7E-4947-4071-B9DF-63EBBBFAC92F}.Debug|Any CPU.ActiveCfg = Debug|Any CPU
		{42E43C7E-4947-4071-B9DF-63EBBBFAC92F}.Debug|Any CPU.Build.0 = Debug|Any CPU
		{42E43C7E-4947-4071-B9DF-63EBBBFAC92F}.Debug|Any CPU.Deploy.0 = Debug|Any CPU
		{42E43C7E-4947-4071-B9DF-63EBBBFAC92F}.Release|Any CPU.ActiveCfg = Release|Any CPU
		{42E43C7E-4947-4071-B9DF-63EBBBFAC92F}.Release|Any CPU.Build.0 = Release|Any CPU
		{42E43C7E-4947-4071-B9DF-63EBBBFAC92F}.Release|Any CPU.Deploy.0 = Release|Any CPU
	EndGlobalSection
	GlobalSection(SolutionProperties) = preSolution
		HideSolutionNode = FALSE
	EndGlobalSection
	GlobalSection(ExtensibilityGlobals) = postSolution
		SolutionGuid = {C19B4E04-D698-49D7-BCDF-04057C73E40A}
	EndGlobalSection
EndGlobal
